
Microsoft Visual Studio Solution File, Format Version 12.00
# Visual Studio Version 17
VisualStudioVersion = 17.4.33122.133
MinimumVisualStudioVersion = 10.0.40219.1
Project("{FAE04EC0-301F-11D3-BF4B-00C04F79EFBC}") = "MacroPRO", "MacroPRO\MacroPRO.csproj", "{420D12DB-D2A2-4FA4-9BA3-A63C2D506D74}"
EndProject
Project("{54435603-DBB4-11D2-8724-00A0C9A8B90C}") = "MacroPROSetup", "MacroPROSetup\MacroPROSetup.vdproj", "{F421EF15-8455-4ABD-9764-452258D1131A}"
EndProject
Global
	GlobalSection(SolutionConfigurationPlatforms) = preSolution
		Debug|Any CPU = Debug|Any CPU
		Release|Any CPU = Release|Any CPU
	EndGlobalSection
	GlobalSection(ProjectConfigurationPlatforms) = postSolution
		{420D12DB-D2A2-4FA4-9BA3-A63C2D506D74}.Debug|Any CPU.ActiveCfg = Debug|Any CPU
		{420D12DB-D2A2-4FA4-9BA3-A63C2D506D74}.Debug|Any CPU.Build.0 = Debug|Any CPU
		{420D12DB-D2A2-4FA4-9BA3-A63C2D506D74}.Release|Any CPU.ActiveCfg = Release|Any CPU
		{420D12DB-D2A2-4FA4-9BA3-A63C2D506D74}.Release|Any CPU.Build.0 = Release|Any CPU
		{F421EF15-8455-4ABD-9764-452258D1131A}.Debug|Any CPU.ActiveCfg = Debug
		{F421EF15-8455-4ABD-9764-452258D1131A}.Release|Any CPU.ActiveCfg = Release
	EndGlobalSection
	GlobalSection(SolutionProperties) = preSolution
		HideSolutionNode = FALSE
	EndGlobalSection
	GlobalSection(ExtensibilityGlobals) = postSolution
		SolutionGuid = {912122E8-0EAA-4E3E-9EF9-67688CDE7C3E}
	EndGlobalSection
EndGlobal
